{
  "lockfile-version": 1,
  "manifest": {
    "version": 1,
    "install": {
      "direnv": {
        "pkg-path": "direnv"
      },
      "keep-sorted": {
        "pkg-path": "keep-sorted"
      },
      "pre-commit": {
        "pkg-path": "pre-commit"
      },
      "shellcheck": {
        "pkg-path": "shellcheck"
      },
      "shfmt": {
        "pkg-path": "shfmt"
      },
      "yamllint": {
        "pkg-path": "yamllint"
      }
    },
    "hook": {},
    "profile": {},
    "options": {
      "systems": [
        "aarch64-darwin",
        "aarch64-linux",
        "x86_64-darwin",
        "x86_64-linux"
      ]
    }
  },
  "packages": [
    {
      "attr_path": "direnv",
      "broken": false,
      "derivation": "/nix/store/mfq972c1sgv16b15jzbrmw1arfkyd9ma-direnv-2.37.1.drv",
      "description": "Shell extension that manages your environment",
      "install_id": "direnv",
      "license": "MIT",
      "locked_url": "https://github.com/flox/nixpkgs?rev=c23193b943c6c689d70ee98ce3128239ed9e32d1",
      "name": "direnv-2.37.1",
      "pname": "direnv",
      "rev": "c23193b943c6c689d70ee98ce3128239ed9e32d1",
      "rev_count": 861038,
      "rev_date": "2025-09-13T06:43:22Z",
      "scrape_date": "2025-09-15T02:00:42.695914Z",
      "stabilities": [
        "unstable"
      ],
      "unfree": false,
      "version": "2.37.1",
      "outputs_to_install": [
        "out"
      ],
      "outputs": {
        "out": "/nix/store/qdsl1sp5p4hpz1ihifkgx3dnn66yca26-direnv-2.37.1"
      },
      "system": "aarch64-darwin",
      "group": "toplevel",
      "priority": 5
    },
    {
      "attr_path": "direnv",
      "broken": false,
      "derivation": "/nix/store/v5wm6099d82rzr9zxh6s2b2cbrjjhin3-direnv-2.37.1.drv",
      "description": "Shell extension that manages your environment",
      "install_id": "direnv",
      "license": "MIT",
      "locked_url": "https://github.com/flox/nixpkgs?rev=c23193b943c6c689d70ee98ce3128239ed9e32d1",
      "name": "direnv-2.37.1",
      "pname": "direnv",
      "rev": "c23193b943c6c689d70ee98ce3128239ed9e32d1",
      "rev_count": 861038,
      "rev_date": "2025-09-13T06:43:22Z",
      "scrape_date": "2025-09-15T02:29:40.767067Z",
      "stabilities": [
        "unstable"
      ],
      "unfree": false,
      "version": "2.37.1",
      "outputs_to_install": [
        "out"
      ],
      "outputs": {
        "out": "/nix/store/2ihnxlg5z0rqq4pbf3bwr3yqfwj6srcf-direnv-2.37.1"
      },
      "system": "aarch64-linux",
      "group": "toplevel",
      "priority": 5
    },
    {
      "attr_path": "direnv",
      "broken": false,
      "derivation": "/nix/store/a3bx2d4z67fg5fj5phn5x2v5aqhd13l2-direnv-2.37.1.drv",
      "description": "Shell extension that manages your environment",
      "install_id": "direnv",
      "license": "MIT",
      "locked_url": "https://github.com/flox/nixpkgs?rev=c23193b943c6c689d70ee98ce3128239ed9e32d1",
      "name": "direnv-2.37.1",
      "pname": "direnv",
      "rev": "c23193b943c6c689d70ee98ce3128239ed9e32d1",
      "rev_count": 861038,
      "rev_date": "2025-09-13T06:43:22Z",
      "scrape_date": "2025-09-15T02:56:36.123258Z",
      "stabilities": [
        "unstable"
      ],
      "unfree": false,
      "version": "2.37.1",
      "outputs_to_install": [
        "out"
      ],
      "outputs": {
        "out": "/nix/store/kvi0vfb8f6a7z6ga5wyn298ch5iv9w2m-direnv-2.37.1"
      },
      "system": "x86_64-darwin",
      "group": "toplevel",
      "priority": 5
    },
    {
      "attr_path": "direnv",
      "broken": false,
      "derivation": "/nix/store/nn76imprh7arf8fnivcqyp8gd629z8m5-direnv-2.37.1.drv",
      "description": "Shell extension that manages your environment",
      "install_id": "direnv",
      "license": "MIT",
      "locked_url": "https://github.com/flox/nixpkgs?rev=c23193b943c6c689d70ee98ce3128239ed9e32d1",
      "name": "direnv-2.37.1",
      "pname": "direnv",
      "rev": "c23193b943c6c689d70ee98ce3128239ed9e32d1",
      "rev_count": 861038,
      "rev_date": "2025-09-13T06:43:22Z",
      "scrape_date": "2025-09-15T03:26:56.891498Z",
      "stabilities": [
        "unstable"
      ],
      "unfree": false,
      "version": "2.37.1",
      "outputs_to_install": [
        "out"
      ],
      "outputs": {
        "out": "/nix/store/banmjx561hg41k0sw4bvhmx1sr35fjm1-direnv-2.37.1"
      },
      "system": "x86_64-linux",
      "group": "toplevel",
      "priority": 5
    },
    {
      "attr_path": "keep-sorted",
      "broken": false,
      "derivation": "/nix/store/v330sd83p5ilkvic41vxr2srlywaqkjv-keep-sorted-0.7.1.drv",
      "description": "Language-agnostic formatter that sorts lines between two markers in a larger file",
      "install_id": "keep-sorted",
      "license": "Apache-2.0",
      "locked_url": "https://github.com/flox/nixpkgs?rev=c23193b943c6c689d70ee98ce3128239ed9e32d1",
      "name": "keep-sorted-0.7.1",
      "pname": "keep-sorted",
      "rev": "c23193b943c6c689d70ee98ce3128239ed9e32d1",
      "rev_count": 861038,
      "rev_date": "2025-09-13T06:43:22Z",
      "scrape_date": "2025-09-15T02:00:58.188378Z",
      "stabilities": [
        "unstable"
      ],
      "unfree": false,
      "version": "0.7.1",
      "outputs_to_install": [
        "out"
      ],
      "outputs": {
        "out": "/nix/store/g3qr790l1vh1fm412f05amslxpl0ddxh-keep-sorted-0.7.1"
      },
      "system": "aarch64-darwin",
      "group": "toplevel",
      "priority": 5
    },
    {
      "attr_path": "keep-sorted",
      "broken": false,
      "derivation": "/nix/store/lphgdhq6i06kilqz0ji5ffvdn2ccjf8j-keep-sorted-0.7.1.drv",
      "description": "Language-agnostic formatter that sorts lines between two markers in a larger file",
      "install_id": "keep-sorted",
      "license": "Apache-2.0",
      "locked_url": "https://github.com/flox/nixpkgs?rev=c23193b943c6c689d70ee98ce3128239ed9e32d1",
      "name": "keep-sorted-0.7.1",
      "pname": "keep-sorted",
      "rev": "c23193b943c6c689d70ee98ce3128239ed9e32d1",
      "rev_count": 861038,
      "rev_date": "2025-09-13T06:43:22Z",
      "scrape_date": "2025-09-15T02:30:01.952063Z",
      "stabilities": [
        "unstable"
      ],
      "unfree": false,
      "version": "0.7.1",
      "outputs_to_install": [
        "out"
      ],
      "outputs": {
        "out": "/nix/store/2dif108ib4h1n5h0b7midpshkm188h6w-keep-sorted-0.7.1"
      },
      "system": "aarch64-linux",
      "group": "toplevel",
      "priority": 5
    },
    {
      "attr_path": "keep-sorted",
      "broken": false,
      "derivation": "/nix/store/pks2fwgwsq8khjd091566x2pfrala5gi-keep-sorted-0.7.1.drv",
      "description": "Language-agnostic formatter that sorts lines between two markers in a larger file",
      "install_id": "keep-sorted",
      "license": "Apache-2.0",
      "locked_url": "https://github.com/flox/nixpkgs?rev=c23193b943c6c689d70ee98ce3128239ed9e32d1",
      "name": "keep-sorted-0.7.1",
      "pname": "keep-sorted",
      "rev": "c23193b943c6c689d70ee98ce3128239ed9e32d1",
      "rev_count": 861038,
      "rev_date": "2025-09-13T06:43:22Z",
      "scrape_date": "2025-09-15T02:56:51.149807Z",
      "stabilities": [
        "unstable"
      ],
      "unfree": false,
      "version": "0.7.1",
      "outputs_to_install": [
        "out"
      ],
      "outputs": {
        "out": "/nix/store/xmrdf7vivl7bph06scbapnqzfl13wdj7-keep-sorted-0.7.1"
      },
      "system": "x86_64-darwin",
      "group": "toplevel",
      "priority": 5
    },
    {
      "attr_path": "keep-sorted",
      "broken": false,
      "derivation": "/nix/store/xxv9d517dkya7ifqyxkavyc7q27gax8f-keep-sorted-0.7.1.drv",
      "description": "Language-agnostic formatter that sorts lines between two markers in a larger file",
      "install_id": "keep-sorted",
      "license": "Apache-2.0",
      "locked_url": "https://github.com/flox/nixpkgs?rev=c23193b943c6c689d70ee98ce3128239ed9e32d1",
      "name": "keep-sorted-0.7.1",
      "pname": "keep-sorted",
      "rev": "c23193b943c6c689d70ee98ce3128239ed9e32d1",
      "rev_count": 861038,
      "rev_date": "2025-09-13T06:43:22Z",
      "scrape_date": "2025-09-15T03:27:19.007691Z",
      "stabilities": [
        "unstable"
      ],
      "unfree": false,
      "version": "0.7.1",
      "outputs_to_install": [
        "out"
      ],
      "outputs": {
        "out": "/nix/store/fzf4zfkjmc6szx97irgv4ikywky6g7zl-keep-sorted-0.7.1"
      },
      "system": "x86_64-linux",
      "group": "toplevel",
      "priority": 5
    },
    {
      "attr_path": "pre-commit",
      "broken": false,
      "derivation": "/nix/store/635qwyilksdjgcyvpggr7cgaq4npzys5-pre-commit-4.3.0.drv",
      "description": "Framework for managing and maintaining multi-language pre-commit hooks",
      "install_id": "pre-commit",
      "license": "MIT",
      "locked_url": "https://github.com/flox/nixpkgs?rev=c23193b943c6c689d70ee98ce3128239ed9e32d1",
      "name": "pre-commit-4.3.0",
      "pname": "pre-commit",
      "rev": "c23193b943c6c689d70ee98ce3128239ed9e32d1",
      "rev_count": 861038,
      "rev_date": "2025-09-13T06:43:22Z",
      "scrape_date": "2025-09-15T02:01:21.090060Z",
      "stabilities": [
        "unstable"
      ],
      "unfree": false,
      "version": "4.3.0",
      "outputs_to_install": [
        "out"
      ],
      "outputs": {
        "dist": "/nix/store/raa2avsipgc6qaz7fklqac8i5h9jhlvf-pre-commit-4.3.0-dist",
        "out": "/nix/store/szjf7j25l154xlxzqyfnxqmjab3c2lnl-pre-commit-4.3.0"
      },
      "system": "aarch64-darwin",
      "group": "toplevel",
      "priority": 5
    },
    {
      "attr_path": "pre-commit",
      "broken": false,
      "derivation": "/nix/store/skb914i4q83s1d6lzlixa7am7bfyb2g3-pre-commit-4.3.0.drv",
      "description": "Framework for managing and maintaining multi-language pre-commit hooks",
      "install_id": "pre-commit",
      "license": "MIT",
      "locked_url": "https://github.com/flox/nixpkgs?rev=c23193b943c6c689d70ee98ce3128239ed9e32d1",
      "name": "pre-commit-4.3.0",
      "pname": "pre-commit",
      "rev": "c23193b943c6c689d70ee98ce3128239ed9e32d1",
      "rev_count": 861038,
      "rev_date": "2025-09-13T06:43:22Z",
      "scrape_date": "2025-09-15T02:30:39.396253Z",
      "stabilities": [
        "unstable"
      ],
      "unfree": false,
      "version": "4.3.0",
      "outputs_to_install": [
        "out"
      ],
      "outputs": {
        "dist": "/nix/store/dfm1bdbsvw4qd214972h81fw8g5fpdjc-pre-commit-4.3.0-dist",
        "out": "/nix/store/053lk2khq3v7p8sqx84whzhlb429g6gm-pre-commit-4.3.0"
      },
      "system": "aarch64-linux",
      "group": "toplevel",
      "priority": 5
    },
    {
      "attr_path": "pre-commit",
      "broken": false,
      "derivation": "/nix/store/hdls9g71jp52il8cnk6pb2la0ydm4lc2-pre-commit-4.3.0.drv",
      "description": "Framework for managing and maintaining multi-language pre-commit hooks",
      "install_id": "pre-commit",
      "license": "MIT",
      "locked_url": "https://github.com/flox/nixpkgs?rev=c23193b943c6c689d70ee98ce3128239ed9e32d1",
      "name": "pre-commit-4.3.0",
      "pname": "pre-commit",
      "rev": "c23193b943c6c689d70ee98ce3128239ed9e32d1",
      "rev_count": 861038,
      "rev_date": "2025-09-13T06:43:22Z",
      "scrape_date": "2025-09-15T02:57:13.699164Z",
      "stabilities": [
        "unstable"
      ],
      "unfree": false,
      "version": "4.3.0",
      "outputs_to_install": [
        "out"
      ],
      "outputs": {
        "dist": "/nix/store/drb2rm5vz0632ydd6m4xwkpcj6j01w4q-pre-commit-4.3.0-dist",
        "out": "/nix/store/j79nsa5j79wmq3jf4kwizaldr5fm82mv-pre-commit-4.3.0"
      },
      "system": "x86_64-darwin",
      "group": "toplevel",
      "priority": 5
    },
    {
      "attr_path": "pre-commit",
      "broken": false,
      "derivation": "/nix/store/b1b7ps4gkaqy510wk697h8sfbvvvnkjh-pre-commit-4.3.0.drv",
      "description": "Framework for managing and maintaining multi-language pre-commit hooks",
      "install_id": "pre-commit",
      "license": "MIT",
      "locked_url": "https://github.com/flox/nixpkgs?rev=c23193b943c6c689d70ee98ce3128239ed9e32d1",
      "name": "pre-commit-4.3.0",
      "pname": "pre-commit",
      "rev": "c23193b943c6c689d70ee98ce3128239ed9e32d1",
      "rev_count": 861038,
      "rev_date": "2025-09-13T06:43:22Z",
      "scrape_date": "2025-09-15T03:27:59.262816Z",
      "stabilities": [
        "unstable"
      ],
      "unfree": false,
      "version": "4.3.0",
      "outputs_to_install": [
        "out"
      ],
      "outputs": {
        "dist": "/nix/store/7ni86x0z72zq3r5kyyixy52vsgz8rn3g-pre-commit-4.3.0-dist",
        "out": "/nix/store/0ybak1vc0vafqfy5dwyb5biaxr98f3kn-pre-commit-4.3.0"
      },
      "system": "x86_64-linux",
      "group": "toplevel",
      "priority": 5
    },
    {
      "attr_path": "shellcheck",
      "broken": false,
      "derivation": "/nix/store/b884admgfm6nxaqk24qssr22pfpa2qgv-shellcheck-0.10.0.drv",
      "description": "Shell script analysis tool",
      "install_id": "shellcheck",
      "license": "GPL-3.0-only",
      "locked_url": "https://github.com/flox/nixpkgs?rev=c23193b943c6c689d70ee98ce3128239ed9e32d1",
      "name": "shellcheck-0.10.0",
      "pname": "shellcheck",
      "rev": "c23193b943c6c689d70ee98ce3128239ed9e32d1",
      "rev_count": 861038,
      "rev_date": "2025-09-13T06:43:22Z",
      "scrape_date": "2025-09-15T02:02:27.207252Z",
      "stabilities": [
        "unstable"
      ],
      "unfree": false,
      "version": "0.10.0",
      "outputs_to_install": [
        "bin",
        "doc",
        "man"
      ],
      "outputs": {
        "bin": "/nix/store/dxppq6y4mb663r0li716pavrahwh9sws-shellcheck-0.10.0-bin",
        "doc": "/nix/store/0wbb09lk7bx9ywc453a8nnw41hc8qp1i-shellcheck-0.10.0-doc",
        "man": "/nix/store/7lpymai82rrcps6z7zl4q5j69w3pp5ng-shellcheck-0.10.0-man",
        "out": "/nix/store/ffxba7sh87j0vg759cjm7qmcadsmbfw7-shellcheck-0.10.0"
      },
      "system": "aarch64-darwin",
      "group": "toplevel",
      "priority": 5
    },
    {
      "attr_path": "shellcheck",
      "broken": false,
      "derivation": "/nix/store/4hzbkdy383naf03yk1ccrsbcaff5djfz-shellcheck-0.10.0.drv",
      "description": "Shell script analysis tool",
      "install_id": "shellcheck",
      "license": "GPL-3.0-only",
      "locked_url": "https://github.com/flox/nixpkgs?rev=c23193b943c6c689d70ee98ce3128239ed9e32d1",
      "name": "shellcheck-0.10.0",
      "pname": "shellcheck",
      "rev": "c23193b943c6c689d70ee98ce3128239ed9e32d1",
      "rev_count": 861038,
      "rev_date": "2025-09-13T06:43:22Z",
      "scrape_date": "2025-09-15T02:32:01.031248Z",
      "stabilities": [
        "unstable"
      ],
      "unfree": false,
      "version": "0.10.0",
      "outputs_to_install": [
        "bin",
        "doc",
        "man"
      ],
      "outputs": {
        "bin": "/nix/store/kvhcnjzmjyqc641yd57f7g26nraw64sm-shellcheck-0.10.0-bin",
        "doc": "/nix/store/vn7d2fwlkjgq6hy3c7gjcypg3slkf592-shellcheck-0.10.0-doc",
        "man": "/nix/store/2ps0gaalsjfvd6vh0zhq2l4d6xgrma8l-shellcheck-0.10.0-man",
        "out": "/nix/store/dxqnpdj372kh001d84dg29l6l3aflrc0-shellcheck-0.10.0"
      },
      "system": "aarch64-linux",
      "group": "toplevel",
      "priority": 5
    },
    {
      "attr_path": "shellcheck",
      "broken": false,
      "derivation": "/nix/store/7zx3lirmdhnk1yily6ayy516b4a1ixzv-shellcheck-0.10.0.drv",
      "description": "Shell script analysis tool",
      "install_id": "shellcheck",
      "license": "GPL-3.0-only",
      "locked_url": "https://github.com/flox/nixpkgs?rev=c23193b943c6c689d70ee98ce3128239ed9e32d1",
      "name": "shellcheck-0.10.0",
      "pname": "shellcheck",
      "rev": "c23193b943c6c689d70ee98ce3128239ed9e32d1",
      "rev_count": 861038,
      "rev_date": "2025-09-13T06:43:22Z",
      "scrape_date": "2025-09-15T02:58:19.203055Z",
      "stabilities": [
        "unstable"
      ],
      "unfree": false,
      "version": "0.10.0",
      "outputs_to_install": [
        "bin",
        "doc",
        "man"
      ],
      "outputs": {
        "bin": "/nix/store/ri8byd60sb58xqf3m0bli53xflx9n4l4-shellcheck-0.10.0-bin",
        "doc": "/nix/store/b1hcrb9c98w7cwqjc5wy5rrfx1gnw7lz-shellcheck-0.10.0-doc",
        "man": "/nix/store/0an459l9ajzapm9kinqh344xnlzp70fy-shellcheck-0.10.0-man",
        "out": "/nix/store/5rfsd78v2il52xqvxmx15pp52zlds4al-shellcheck-0.10.0"
      },
      "system": "x86_64-darwin",
      "group": "toplevel",
      "priority": 5
    },
    {
      "attr_path": "shellcheck",
      "broken": false,
      "derivation": "/nix/store/w8ak9a7r519g5zb7mvcr4cfw0f1w2rrs-shellcheck-0.10.0.drv",
      "description": "Shell script analysis tool",
      "install_id": "shellcheck",
      "license": "GPL-3.0-only",
      "locked_url": "https://github.com/flox/nixpkgs?rev=c23193b943c6c689d70ee98ce3128239ed9e32d1",
      "name": "shellcheck-0.10.0",
      "pname": "shellcheck",
      "rev": "c23193b943c6c689d70ee98ce3128239ed9e32d1",
      "rev_count": 861038,
      "rev_date": "2025-09-13T06:43:22Z",
      "scrape_date": "2025-09-15T03:29:24.914744Z",
      "stabilities": [
        "unstable"
      ],
      "unfree": false,
      "version": "0.10.0",
      "outputs_to_install": [
        "bin",
        "doc",
        "man"
      ],
      "outputs": {
        "bin": "/nix/store/ayfrkdpk1sygzwwjqh19gcp5sfh557zd-shellcheck-0.10.0-bin",
        "doc": "/nix/store/wgb75fahwjf0h5gc7ww5zcvkhbm88sps-shellcheck-0.10.0-doc",
        "man": "/nix/store/n8asflghb73ph65f2ixvr8hv6h7v9w0g-shellcheck-0.10.0-man",
        "out": "/nix/store/vh0ng4iyxch4lqmjmkbbjx8dw8xp569y-shellcheck-0.10.0"
      },
      "system": "x86_64-linux",
      "group": "toplevel",
      "priority": 5
    },
    {
      "attr_path": "shfmt",
      "broken": false,
      "derivation": "/nix/store/55qm4941ym3fc9a7ab94xrly8qjah6qh-shfmt-3.12.0.drv",
      "description": "Shell parser and formatter",
      "install_id": "shfmt",
      "license": "BSD-3-Clause",
      "locked_url": "https://github.com/flox/nixpkgs?rev=c23193b943c6c689d70ee98ce3128239ed9e32d1",
      "name": "shfmt-3.12.0",
      "pname": "shfmt",
      "rev": "c23193b943c6c689d70ee98ce3128239ed9e32d1",
      "rev_count": 861038,
      "rev_date": "2025-09-13T06:43:22Z",
      "scrape_date": "2025-09-15T02:02:27.250768Z",
      "stabilities": [
        "unstable"
      ],
      "unfree": false,
      "version": "3.12.0",
      "outputs_to_install": [
        "out"
      ],
      "outputs": {
        "out": "/nix/store/gwc439rwcxqj8mrg0yxsv3935cfwk3sl-shfmt-3.12.0"
      },
      "system": "aarch64-darwin",
      "group": "toplevel",
      "priority": 5
    },
    {
      "attr_path": "shfmt",
      "broken": false,
      "derivation": "/nix/store/96q4rpxrivdifq1fmqhbyhb75w9cip9r-shfmt-3.12.0.drv",
      "description": "Shell parser and formatter",
      "install_id": "shfmt",
      "license": "BSD-3-Clause",
      "locked_url": "https://github.com/flox/nixpkgs?rev=c23193b943c6c689d70ee98ce3128239ed9e32d1",
      "name": "shfmt-3.12.0",
      "pname": "shfmt",
      "rev": "c23193b943c6c689d70ee98ce3128239ed9e32d1",
      "rev_count": 861038,
      "rev_date": "2025-09-13T06:43:22Z",
      "scrape_date": "2025-09-15T02:32:01.086618Z",
      "stabilities": [
        "unstable"
      ],
      "unfree": false,
      "version": "3.12.0",
      "outputs_to_install": [
        "out"
      ],
      "outputs": {
        "out": "/nix/store/ivjs1yf1vw6k306zzz07m0d480l19dsj-shfmt-3.12.0"
      },
      "system": "aarch64-linux",
      "group": "toplevel",
      "priority": 5
    },
    {
      "attr_path": "shfmt",
      "broken": false,
      "derivation": "/nix/store/sc1qza757rnv4mhir8a9dgi1k251wzn4-shfmt-3.12.0.drv",
      "description": "Shell parser and formatter",
      "install_id": "shfmt",
      "license": "BSD-3-Clause",
      "locked_url": "https://github.com/flox/nixpkgs?rev=c23193b943c6c689d70ee98ce3128239ed9e32d1",
      "name": "shfmt-3.12.0",
      "pname": "shfmt",
      "rev": "c23193b943c6c689d70ee98ce3128239ed9e32d1",
      "rev_count": 861038,
      "rev_date": "2025-09-13T06:43:22Z",
      "scrape_date": "2025-09-15T02:58:19.247514Z",
      "stabilities": [
        "unstable"
      ],
      "unfree": false,
      "version": "3.12.0",
      "outputs_to_install": [
        "out"
      ],
      "outputs": {
        "out": "/nix/store/a844kmsjpv467qzp464j71cywj1lg02p-shfmt-3.12.0"
      },
      "system": "x86_64-darwin",
      "group": "toplevel",
      "priority": 5
    },
    {
      "attr_path": "shfmt",
      "broken": false,
      "derivation": "/nix/store/3kwzlg8mfckqj7nk3jcxblmyzsifkj8f-shfmt-3.12.0.drv",
      "description": "Shell parser and formatter",
      "install_id": "shfmt",
      "license": "BSD-3-Clause",
      "locked_url": "https://github.com/flox/nixpkgs?rev=c23193b943c6c689d70ee98ce3128239ed9e32d1",
      "name": "shfmt-3.12.0",
      "pname": "shfmt",
      "rev": "c23193b943c6c689d70ee98ce3128239ed9e32d1",
      "rev_count": 861038,
      "rev_date": "2025-09-13T06:43:22Z",
      "scrape_date": "2025-09-15T03:29:24.971844Z",
      "stabilities": [
        "unstable"
      ],
      "unfree": false,
      "version": "3.12.0",
      "outputs_to_install": [
        "out"
      ],
      "outputs": {
        "out": "/nix/store/zsr06yh5kbsrahwxbi3mx0cjsbwaf7la-shfmt-3.12.0"
      },
      "system": "x86_64-linux",
      "group": "toplevel",
      "priority": 5
    },
    {
      "attr_path": "yamllint",
      "broken": false,
      "derivation": "/nix/store/51vi05vkk5yyh4qz9v10alfjpph45jn8-python3.13-yamllint-1.37.1.drv",
      "description": "Linter for YAML files",
      "install_id": "yamllint",
      "license": "GPL-3.0-or-later",
      "locked_url": "https://github.com/flox/nixpkgs?rev=c23193b943c6c689d70ee98ce3128239ed9e32d1",
      "name": "python3.13-yamllint-1.37.1",
      "pname": "yamllint",
      "rev": "c23193b943c6c689d70ee98ce3128239ed9e32d1",
      "rev_count": 861038,
      "rev_date": "2025-09-13T06:43:22Z",
      "scrape_date": "2025-09-15T02:03:13.634574Z",
      "stabilities": [
        "unstable"
      ],
      "unfree": false,
      "version": "1.37.1",
      "outputs_to_install": [
        "out"
      ],
      "outputs": {
        "dist": "/nix/store/nc9v27cadla3hzarrypl7xqv714aj851-python3.13-yamllint-1.37.1-dist",
        "out": "/nix/store/1ajlhkwnvxnirqacd95ccvcp4n4a2l6d-python3.13-yamllint-1.37.1"
      },
      "system": "aarch64-darwin",
      "group": "toplevel",
      "priority": 5
    },
    {
      "attr_path": "yamllint",
      "broken": false,
      "derivation": "/nix/store/62gqjm3pq4wcn11mk5h91png1fqi01ar-python3.13-yamllint-1.37.1.drv",
      "description": "Linter for YAML files",
      "install_id": "yamllint",
      "license": "GPL-3.0-or-later",
      "locked_url": "https://github.com/flox/nixpkgs?rev=c23193b943c6c689d70ee98ce3128239ed9e32d1",
      "name": "python3.13-yamllint-1.37.1",
      "pname": "yamllint",
      "rev": "c23193b943c6c689d70ee98ce3128239ed9e32d1",
      "rev_count": 861038,
      "rev_date": "2025-09-13T06:43:22Z",
      "scrape_date": "2025-09-15T02:33:00.420899Z",
      "stabilities": [
        "unstable"
      ],
      "unfree": false,
      "version": "1.37.1",
      "outputs_to_install": [
        "out"
      ],
      "outputs": {
        "dist": "/nix/store/llpps8kklgvx2m7xa8vnbfhcdrkirii7-python3.13-yamllint-1.37.1-dist",
        "out": "/nix/store/wdn4zyww6gv95lhz0jvcfrf0an4vfbjf-python3.13-yamllint-1.37.1"
      },
      "system": "aarch64-linux",
      "group": "toplevel",
      "priority": 5
    },
    {
      "attr_path": "yamllint",
      "broken": false,
      "derivation": "/nix/store/hfr7rzlqqkpsah6s863cbc9bg2pdqqk1-python3.13-yamllint-1.37.1.drv",
      "description": "Linter for YAML files",
      "install_id": "yamllint",
      "license": "GPL-3.0-or-later",
      "locked_url": "https://github.com/flox/nixpkgs?rev=c23193b943c6c689d70ee98ce3128239ed9e32d1",
      "name": "python3.13-yamllint-1.37.1",
      "pname": "yamllint",
      "rev": "c23193b943c6c689d70ee98ce3128239ed9e32d1",
      "rev_count": 861038,
      "rev_date": "2025-09-13T06:43:22Z",
      "scrape_date": "2025-09-15T02:59:05.426128Z",
      "stabilities": [
        "unstable"
      ],
      "unfree": false,
      "version": "1.37.1",
      "outputs_to_install": [
        "out"
      ],
      "outputs": {
        "dist": "/nix/store/hjh468yvb9nrw6jhizirvrjym8ngq35q-python3.13-yamllint-1.37.1-dist",
        "out": "/nix/store/6yfzxvgkr2v043462sm2h6g2pjkm506n-python3.13-yamllint-1.37.1"
      },
      "system": "x86_64-darwin",
      "group": "toplevel",
      "priority": 5
    },
    {
      "attr_path": "yamllint",
      "broken": false,
      "derivation": "/nix/store/9x1wh1phq3qkjy8n0y866wlv1nii7ly5-python3.13-yamllint-1.37.1.drv",
      "description": "Linter for YAML files",
      "install_id": "yamllint",
      "license": "GPL-3.0-or-later",
      "locked_url": "https://github.com/flox/nixpkgs?rev=c23193b943c6c689d70ee98ce3128239ed9e32d1",
      "name": "python3.13-yamllint-1.37.1",
      "pname": "yamllint",
      "rev": "c23193b943c6c689d70ee98ce3128239ed9e32d1",
      "rev_count": 861038,
      "rev_date": "2025-09-13T06:43:22Z",
      "scrape_date": "2025-09-15T03:30:27.283049Z",
      "stabilities": [
        "unstable"
      ],
      "unfree": false,
      "version": "1.37.1",
      "outputs_to_install": [
        "out"
      ],
      "outputs": {
        "dist": "/nix/store/wpnf4f2x6qjkkk31s0505qiima771vxw-python3.13-yamllint-1.37.1-dist",
        "out": "/nix/store/0v7zz7l98yw23xwk2j4fkccbj36dpjml-python3.13-yamllint-1.37.1"
      },
      "system": "x86_64-linux",
      "group": "toplevel",
      "priority": 5
    }
  ]
}